
Microsoft Visual Studio Solution File, Format Version 12.00
# Visual Studio Version 17
VisualStudioVersion = 17.2.32526.322
MinimumVisualStudioVersion = 10.0.40219.1
Project("{FAE04EC0-301F-11D3-BF4B-00C04F79EFBC}") = "Stemwijzer", "Stemwijzer/Stemwijzer.csproj", "{97EE9320-65BF-482C-95F4-A107E2F68416}"
EndProject
Global
	GlobalSection(SolutionConfigurationPlatforms) = preSolution
		Debug|Any CPU = Debug|Any CPU
		Release|Any CPU = Release|Any CPU
	EndGlobalSection
	GlobalSection(ProjectConfigurationPlatforms) = postSolution
		{97EE9320-65BF-482C-95F4-A107E2F68416}.Debug|Any CPU.ActiveCfg = Debug|Any CPU
		{97EE9320-65BF-482C-95F4-A107E2F68416}.Debug|Any CPU.Build.0 = Debug|Any CPU
		{97EE9320-65BF-482C-95F4-A107E2F68416}.Release|Any CPU.ActiveCfg = Release|Any CPU
		{97EE9320-65BF-482C-95F4-A107E2F68416}.Release|Any CPU.Build.0 = Release|Any CPU
	EndGlobalSection
	GlobalSection(SolutionProperties) = preSolution
		HideSolutionNode = FALSE
	EndGlobalSection
	GlobalSection(ExtensibilityGlobals) = postSolution
		SolutionGuid = {2D2C8B38-9034-4080-AF33-E77F16705586}
	EndGlobalSection
EndGlobal
